
Microsoft Visual Studio Solution File, Format Version 12.00
# Visual Studio Version 17
VisualStudioVersion = 17.8.34227.203
MinimumVisualStudioVersion = 10.0.40219.1
Project("{9A19103F-16F7-4668-BE54-9A1E7A4F7556}") = "Benchmark", "Benchmark.csproj", "{62165507-D2D5-4B5E-9348-A39D6113E033}"
EndProject
Global
	GlobalSection(SolutionConfigurationPlatforms) = preSolution
		Debug|Any CPU = Debug|Any CPU
		Release|Any CPU = Release|Any CPU
	EndGlobalSection
	GlobalSection(ProjectConfigurationPlatforms) = postSolution
		{62165507-D2D5-4B5E-9348-A39D6113E033}.Debug|Any CPU.ActiveCfg = Debug|Any CPU
		{62165507-D2D5-4B5E-9348-A39D6113E033}.Debug|Any CPU.Build.0 = Debug|Any CPU
		{62165507-D2D5-4B5E-9348-A39D6113E033}.Release|Any CPU.ActiveCfg = Release|Any CPU
		{62165507-D2D5-4B5E-9348-A39D6113E033}.Release|Any CPU.Build.0 = Release|Any CPU
	EndGlobalSection
	GlobalSection(SolutionProperties) = preSolution
		HideSolutionNode = FALSE
	EndGlobalSection
	GlobalSection(ExtensibilityGlobals) = postSolution
		SolutionGuid = {0D75A182-29F2-45C7-8E84-87820A034FBC}
	EndGlobalSection
EndGlobal
