Microsoft Visual Studio Solution File, Format Version 12.00
Project("{9A19103F-16F7-4668-BE54-9A1E7A4F7556}") = "Scratch", "Scratch.csproj", "{68FCAEAB-71B4-4848-A87E-2FB6BF5585A9}"
EndProject
Global
	GlobalSection(SolutionConfigurationPlatforms) = preSolution
		Debug|Any CPU = Debug|Any CPU
		Release|Any CPU = Release|Any CPU
	EndGlobalSection
	GlobalSection(ProjectConfigurationPlatforms) = postSolution
		{68FCAEAB-71B4-4848-A87E-2FB6BF5585A9}.Debug|Any CPU.ActiveCfg = Debug|Any CPU
		{68FCAEAB-71B4-4848-A87E-2FB6BF5585A9}.Debug|Any CPU.Build.0 = Debug|Any CPU
		{68FCAEAB-71B4-4848-A87E-2FB6BF5585A9}.Release|Any CPU.ActiveCfg = Release|Any CPU
		{68FCAEAB-71B4-4848-A87E-2FB6BF5585A9}.Release|Any CPU.Build.0 = Release|Any CPU
	EndGlobalSection
	GlobalSection(SolutionProperties) = preSolution
		HideSolutionNode = FALSE
	EndGlobalSection
	GlobalSection(ExtensibilityGlobals) = postSolution
		SolutionGuid = {F8C2B0A2-A1CA-4589-8234-DE3AF1F750D7}
	EndGlobalSection
EndGlobal
